
Microsoft Visual Studio Solution File, Format Version 12.00
# Visual Studio Version 16
VisualStudioVersion = 16.0.32002.261
MinimumVisualStudioVersion = 10.0.40219.1
Project("{FAE04EC0-301F-11D3-BF4B-00C04F79EFBC}") = "PrimalEditor", "PrimalEditor\PrimalEditor.csproj", "{3B6CD6C7-47D5-4731-9841-3153D3A80D2E}"
EndProject
Project("{8BC9CEB8-8B4A-11D0-8D11-00A0C91BC942}") = "Engine", "Engine\Engine.vcxproj", "{7530A52E-79E8-4949-BF81-4B0BFD2A560B}"
EndProject

Global
	GlobalSection(SolutionConfigurationPlatforms) = preSolution
		Debug|Any CPU = Debug|Any CPU
		Debug|x64 = Debug|x64
		Debug|x86 = Debug|x86
		Release|Any CPU = Release|Any CPU
		Release|x64 = Release|x64
		Release|x86 = Release|x86
	EndGlobalSection
	GlobalSection(ProjectConfigurationPlatforms) = postSolution
		{7530A52E-79E8-4949-BF81-4B0BFD2A560B}.Debug|Any CPU.ActiveCfg = Debug|Win32
		{7530A52E-79E8-4949-BF81-4B0BFD2A560B}.Debug|x64.ActiveCfg = Debug|x64
		{7530A52E-79E8-4949-BF81-4B0BFD2A560B}.Debug|x64.Build.0 = Debug|x64
		{7530A52E-79E8-4949-BF81-4B0BFD2A560B}.Debug|x86.ActiveCfg = Debug|Win32
		{7530A52E-79E8-4949-BF81-4B0BFD2A560B}.Debug|x86.Build.0 = Debug|Win32
		{7530A52E-79E8-4949-BF81-4B0BFD2A560B}.Release|Any CPU.ActiveCfg = Release|Win32
		{7530A52E-79E8-4949-BF81-4B0BFD2A560B}.Release|x64.ActiveCfg = Release|x64
		{7530A52E-79E8-4949-BF81-4B0BFD2A560B}.Release|x64.Build.0 = Release|x64
		{7530A52E-79E8-4949-BF81-4B0BFD2A560B}.Release|x86.ActiveCfg = Release|Win32
		{7530A52E-79E8-4949-BF81-4B0BFD2A560B}.Release|x86.Build.0 = Release|Win32
		{3B6CD6C7-47D5-4731-9841-3153D3A80D2E}.Debug|Any CPU.ActiveCfg = Debug|Any CPU
		{3B6CD6C7-47D5-4731-9841-3153D3A80D2E}.Debug|Any CPU.Build.0 = Debug|Any CPU
		{3B6CD6C7-47D5-4731-9841-3153D3A80D2E}.Debug|x64.ActiveCfg = Debug|Any CPU
		{3B6CD6C7-47D5-4731-9841-3153D3A80D2E}.Debug|x64.Build.0 = Debug|Any CPU
		{3B6CD6C7-47D5-4731-9841-3153D3A80D2E}.Debug|x86.ActiveCfg = Debug|Any CPU
		{3B6CD6C7-47D5-4731-9841-3153D3A80D2E}.Debug|x86.Build.0 = Debug|Any CPU
		{3B6CD6C7-47D5-4731-9841-3153D3A80D2E}.Release|Any CPU.ActiveCfg = Release|Any CPU
		{3B6CD6C7-47D5-4731-9841-3153D3A80D2E}.Release|Any CPU.Build.0 = Release|Any CPU
		{3B6CD6C7-47D5-4731-9841-3153D3A80D2E}.Release|x64.ActiveCfg = Release|Any CPU
		{3B6CD6C7-47D5-4731-9841-3153D3A80D2E}.Release|x64.Build.0 = Release|Any CPU
		{3B6CD6C7-47D5-4731-9841-3153D3A80D2E}.Release|x86.ActiveCfg = Release|Any CPU
		{3B6CD6C7-47D5-4731-9841-3153D3A80D2E}.Release|x86.Build.0 = Release|Any CPU
	EndGlobalSection
	GlobalSection(SolutionProperties) = preSolution
		HideSolutionNode = FALSE
	EndGlobalSection
	GlobalSection(ExtensibilityGlobals) = postSolution
		SolutionGuid = {3DD198C5-43AF-4178-92F5-EC115D326DAB}
	EndGlobalSection
EndGlobal
